
Microsoft Visual Studio Solution File, Format Version 12.00
# Visual Studio 15
VisualStudioVersion = 15.0.27130.2010
MinimumVisualStudioVersion = 10.0.40219.1
Project("{FAE04EC0-301F-11D3-BF4B-00C04F79EFBC}") = "MayınTarlası", "MayınTarlası\MayınTarlası.csproj", "{2E5CD038-83FF-4350-9CCC-218B5FE5E08F}"
EndProject
Global
	GlobalSection(SolutionConfigurationPlatforms) = preSolution
		Debug|Any CPU = Debug|Any CPU
		Release|Any CPU = Release|Any CPU
	EndGlobalSection
	GlobalSection(ProjectConfigurationPlatforms) = postSolution
		{2E5CD038-83FF-4350-9CCC-218B5FE5E08F}.Debug|Any CPU.ActiveCfg = Debug|Any CPU
		{2E5CD038-83FF-4350-9CCC-218B5FE5E08F}.Debug|Any CPU.Build.0 = Debug|Any CPU
		{2E5CD038-83FF-4350-9CCC-218B5FE5E08F}.Release|Any CPU.ActiveCfg = Release|Any CPU
		{2E5CD038-83FF-4350-9CCC-218B5FE5E08F}.Release|Any CPU.Build.0 = Release|Any CPU
	EndGlobalSection
	GlobalSection(SolutionProperties) = preSolution
		HideSolutionNode = FALSE
	EndGlobalSection
	GlobalSection(ExtensibilityGlobals) = postSolution
		SolutionGuid = {6E955A1F-32B5-436E-8EF7-B8B90249DA59}
	EndGlobalSection
EndGlobal
